
Microsoft Visual Studio Solution File, Format Version 12.00
# Visual Studio Version 17
VisualStudioVersion = 17.9.34701.34
MinimumVisualStudioVersion = 10.0.40219.1
Project("{FAE04EC0-301F-11D3-BF4B-00C04F79EFBC}") = "BlazorApp", "BlazorApp.csproj", "{61112103-3033-4D51-A626-1F8258A06384}"
EndProject
Global
	GlobalSection(SolutionConfigurationPlatforms) = preSolution
		Debug|Any CPU = Debug|Any CPU
		Release|Any CPU = Release|Any CPU
	EndGlobalSection
	GlobalSection(ProjectConfigurationPlatforms) = postSolution
		{61112103-3033-4D51-A626-1F8258A06384}.Debug|Any CPU.ActiveCfg = Debug|Any CPU
		{61112103-3033-4D51-A626-1F8258A06384}.Debug|Any CPU.Build.0 = Debug|Any CPU
		{61112103-3033-4D51-A626-1F8258A06384}.Release|Any CPU.ActiveCfg = Release|Any CPU
		{61112103-3033-4D51-A626-1F8258A06384}.Release|Any CPU.Build.0 = Release|Any CPU
	EndGlobalSection
	GlobalSection(SolutionProperties) = preSolution
		HideSolutionNode = FALSE
	EndGlobalSection
	GlobalSection(ExtensibilityGlobals) = postSolution
		SolutionGuid = {81CDD1D4-EAD2-4FAF-A243-23D63C8E894F}
	EndGlobalSection
EndGlobal
